
Microsoft Visual Studio Solution File, Format Version 12.00
# Visual Studio 15
VisualStudioVersion = 15.0.34320.172
MinimumVisualStudioVersion = 10.0.40219.1
Project("{FAE04EC0-301F-11D3-BF4B-00C04F79EFBC}") = "WFADosyaHazırlama", "WFADosyaHazırlama\WFADosyaHazırlama.csproj", "{A1B1C276-5AC0-4CB0-9180-D944AAFAF857}"
EndProject
Global
	GlobalSection(SolutionConfigurationPlatforms) = preSolution
		Debug|Any CPU = Debug|Any CPU
		Release|Any CPU = Release|Any CPU
	EndGlobalSection
	GlobalSection(ProjectConfigurationPlatforms) = postSolution
		{A1B1C276-5AC0-4CB0-9180-D944AAFAF857}.Debug|Any CPU.ActiveCfg = Debug|Any CPU
		{A1B1C276-5AC0-4CB0-9180-D944AAFAF857}.Debug|Any CPU.Build.0 = Debug|Any CPU
		{A1B1C276-5AC0-4CB0-9180-D944AAFAF857}.Release|Any CPU.ActiveCfg = Release|Any CPU
		{A1B1C276-5AC0-4CB0-9180-D944AAFAF857}.Release|Any CPU.Build.0 = Release|Any CPU
	EndGlobalSection
	GlobalSection(SolutionProperties) = preSolution
		HideSolutionNode = FALSE
	EndGlobalSection
	GlobalSection(ExtensibilityGlobals) = postSolution
		SolutionGuid = {C7565524-A83B-49F4-AA48-197624090949}
	EndGlobalSection
EndGlobal
